
Microsoft Visual Studio Solution File, Format Version 12.00
# Visual Studio 15
VisualStudioVersion = 15.0.27703.2035
MinimumVisualStudioVersion = 10.0.40219.1
Project("{FAE04EC0-301F-11D3-BF4B-00C04F79EFBC}") = "RestaurantAPI", "RestaurantAPI\RestaurantAPI.csproj", "{DF7EA1D6-7328-4136-A3BC-FCF5FA5E0ADA}"
EndProject
Project("{FAE04EC0-301F-11D3-BF4B-00C04F79EFBC}") = "RestaurantAPI.Tests", "RestaurantAPI.Tests\RestaurantAPI.Tests.csproj", "{F7AE949F-6A22-40BF-B140-B672337906C0}"
EndProject
Global
	GlobalSection(SolutionConfigurationPlatforms) = preSolution
		Debug|Any CPU = Debug|Any CPU
		Release|Any CPU = Release|Any CPU
	EndGlobalSection
	GlobalSection(ProjectConfigurationPlatforms) = postSolution
		{DF7EA1D6-7328-4136-A3BC-FCF5FA5E0ADA}.Debug|Any CPU.ActiveCfg = Debug|Any CPU
		{DF7EA1D6-7328-4136-A3BC-FCF5FA5E0ADA}.Debug|Any CPU.Build.0 = Debug|Any CPU
		{DF7EA1D6-7328-4136-A3BC-FCF5FA5E0ADA}.Release|Any CPU.ActiveCfg = Release|Any CPU
		{DF7EA1D6-7328-4136-A3BC-FCF5FA5E0ADA}.Release|Any CPU.Build.0 = Release|Any CPU
		{F7AE949F-6A22-40BF-B140-B672337906C0}.Debug|Any CPU.ActiveCfg = Debug|Any CPU
		{F7AE949F-6A22-40BF-B140-B672337906C0}.Debug|Any CPU.Build.0 = Debug|Any CPU
		{F7AE949F-6A22-40BF-B140-B672337906C0}.Release|Any CPU.ActiveCfg = Release|Any CPU
		{F7AE949F-6A22-40BF-B140-B672337906C0}.Release|Any CPU.Build.0 = Release|Any CPU
	EndGlobalSection
	GlobalSection(SolutionProperties) = preSolution
		HideSolutionNode = FALSE
	EndGlobalSection
	GlobalSection(ExtensibilityGlobals) = postSolution
		SolutionGuid = {81448FAE-45D4-4634-AC86-50C4FB9F93BE}
	EndGlobalSection
EndGlobal
